
Microsoft Visual Studio Solution File, Format Version 12.00
# Visual Studio 2012
Project("{2150E333-8FDC-42A3-9474-1A3956D46DE8}") = "01 User Interface", "01 User Interface", "{25274DCE-C0E5-40B6-AE91-43B36181B7C5}"
EndProject
Project("{FAE04EC0-301F-11D3-BF4B-00C04F79EFBC}") = "com.thinkpower.Cal.iOS", "com.thinkpower.Cal.iOS\com.thinkpower.Cal.iOS.csproj", "{378861EC-599A-4262-80BB-B55EC21FB03C}"
EndProject
Project("{FAE04EC0-301F-11D3-BF4B-00C04F79EFBC}") = "com.thinkpower.Cal.Droid", "com.thinkpower.Cal.Droid\com.thinkpower.Cal.Droid.csproj", "{B79A174E-71A9-405A-984F-7EF94EEAF4C9}"
EndProject
Project("{2150E333-8FDC-42A3-9474-1A3956D46DE8}") = "02 Test", "02 Test", "{B22345F1-4688-4525-8250-040572F4EAEA}"
EndProject
Project("{FAE04EC0-301F-11D3-BF4B-00C04F79EFBC}") = "CalTest", "CalTest\CalTest.csproj", "{C2BE5245-B767-4A0D-96AF-3A4E5F3936FF}"
EndProject
Global
	GlobalSection(SolutionConfigurationPlatforms) = preSolution
		Debug|Any CPU = Debug|Any CPU
		Release|Any CPU = Release|Any CPU
		Debug|iPhoneSimulator = Debug|iPhoneSimulator
		Release|iPhone = Release|iPhone
		Release|iPhoneSimulator = Release|iPhoneSimulator
		Debug|iPhone = Debug|iPhone
	EndGlobalSection
	GlobalSection(ProjectConfigurationPlatforms) = postSolution
		{378861EC-599A-4262-80BB-B55EC21FB03C}.Debug|Any CPU.ActiveCfg = Debug|iPhoneSimulator
		{378861EC-599A-4262-80BB-B55EC21FB03C}.Debug|Any CPU.Build.0 = Debug|iPhoneSimulator
		{378861EC-599A-4262-80BB-B55EC21FB03C}.Debug|iPhone.ActiveCfg = Debug|iPhone
		{378861EC-599A-4262-80BB-B55EC21FB03C}.Debug|iPhone.Build.0 = Debug|iPhone
		{378861EC-599A-4262-80BB-B55EC21FB03C}.Debug|iPhoneSimulator.ActiveCfg = Debug|iPhoneSimulator
		{378861EC-599A-4262-80BB-B55EC21FB03C}.Debug|iPhoneSimulator.Build.0 = Debug|iPhoneSimulator
		{378861EC-599A-4262-80BB-B55EC21FB03C}.Release|Any CPU.ActiveCfg = Debug|iPhoneSimulator
		{378861EC-599A-4262-80BB-B55EC21FB03C}.Release|Any CPU.Build.0 = Debug|iPhoneSimulator
		{378861EC-599A-4262-80BB-B55EC21FB03C}.Release|iPhone.ActiveCfg = Release|iPhone
		{378861EC-599A-4262-80BB-B55EC21FB03C}.Release|iPhone.Build.0 = Release|iPhone
		{378861EC-599A-4262-80BB-B55EC21FB03C}.Release|iPhoneSimulator.ActiveCfg = Release|iPhoneSimulator
		{378861EC-599A-4262-80BB-B55EC21FB03C}.Release|iPhoneSimulator.Build.0 = Release|iPhoneSimulator
		{B79A174E-71A9-405A-984F-7EF94EEAF4C9}.Debug|Any CPU.ActiveCfg = Debug|Any CPU
		{B79A174E-71A9-405A-984F-7EF94EEAF4C9}.Debug|Any CPU.Build.0 = Debug|Any CPU
		{B79A174E-71A9-405A-984F-7EF94EEAF4C9}.Debug|iPhone.ActiveCfg = Debug|Any CPU
		{B79A174E-71A9-405A-984F-7EF94EEAF4C9}.Debug|iPhone.Build.0 = Debug|Any CPU
		{B79A174E-71A9-405A-984F-7EF94EEAF4C9}.Debug|iPhoneSimulator.ActiveCfg = Debug|Any CPU
		{B79A174E-71A9-405A-984F-7EF94EEAF4C9}.Debug|iPhoneSimulator.Build.0 = Debug|Any CPU
		{B79A174E-71A9-405A-984F-7EF94EEAF4C9}.Release|Any CPU.ActiveCfg = Release|Any CPU
		{B79A174E-71A9-405A-984F-7EF94EEAF4C9}.Release|Any CPU.Build.0 = Release|Any CPU
		{B79A174E-71A9-405A-984F-7EF94EEAF4C9}.Release|iPhone.ActiveCfg = Release|Any CPU
		{B79A174E-71A9-405A-984F-7EF94EEAF4C9}.Release|iPhone.Build.0 = Release|Any CPU
		{B79A174E-71A9-405A-984F-7EF94EEAF4C9}.Release|iPhoneSimulator.ActiveCfg = Release|Any CPU
		{B79A174E-71A9-405A-984F-7EF94EEAF4C9}.Release|iPhoneSimulator.Build.0 = Release|Any CPU
		{C2BE5245-B767-4A0D-96AF-3A4E5F3936FF}.Debug|Any CPU.ActiveCfg = Debug|Any CPU
		{C2BE5245-B767-4A0D-96AF-3A4E5F3936FF}.Debug|Any CPU.Build.0 = Debug|Any CPU
		{C2BE5245-B767-4A0D-96AF-3A4E5F3936FF}.Debug|iPhone.ActiveCfg = Debug|Any CPU
		{C2BE5245-B767-4A0D-96AF-3A4E5F3936FF}.Debug|iPhone.Build.0 = Debug|Any CPU
		{C2BE5245-B767-4A0D-96AF-3A4E5F3936FF}.Debug|iPhoneSimulator.ActiveCfg = Debug|Any CPU
		{C2BE5245-B767-4A0D-96AF-3A4E5F3936FF}.Debug|iPhoneSimulator.Build.0 = Debug|Any CPU
		{C2BE5245-B767-4A0D-96AF-3A4E5F3936FF}.Release|Any CPU.ActiveCfg = Release|Any CPU
		{C2BE5245-B767-4A0D-96AF-3A4E5F3936FF}.Release|Any CPU.Build.0 = Release|Any CPU
		{C2BE5245-B767-4A0D-96AF-3A4E5F3936FF}.Release|iPhone.ActiveCfg = Release|Any CPU
		{C2BE5245-B767-4A0D-96AF-3A4E5F3936FF}.Release|iPhone.Build.0 = Release|Any CPU
		{C2BE5245-B767-4A0D-96AF-3A4E5F3936FF}.Release|iPhoneSimulator.ActiveCfg = Release|Any CPU
		{C2BE5245-B767-4A0D-96AF-3A4E5F3936FF}.Release|iPhoneSimulator.Build.0 = Release|Any CPU
	EndGlobalSection
	GlobalSection(NestedProjects) = preSolution
		{378861EC-599A-4262-80BB-B55EC21FB03C} = {25274DCE-C0E5-40B6-AE91-43B36181B7C5}
		{B79A174E-71A9-405A-984F-7EF94EEAF4C9} = {25274DCE-C0E5-40B6-AE91-43B36181B7C5}
		{C2BE5245-B767-4A0D-96AF-3A4E5F3936FF} = {B22345F1-4688-4525-8250-040572F4EAEA}
	EndGlobalSection
EndGlobal
